
Microsoft Visual Studio Solution File, Format Version 12.00
# Visual Studio Version 17
VisualStudioVersion = 17.5.33530.505
MinimumVisualStudioVersion = 10.0.40219.1
Project("{FAE04EC0-301F-11D3-BF4B-00C04F79EFBC}") = "App1.Android", "App1\App1.Android\App1.Android.csproj", "{8E8FB59C-095F-47F4-9B3F-F3344321DB67}"
EndProject
Project("{FAE04EC0-301F-11D3-BF4B-00C04F79EFBC}") = "App1", "App1\App1\App1.csproj", "{CF9ECA4C-CD6B-4948-BA02-BA21C6D2DB90}"
EndProject
Global
	GlobalSection(SolutionConfigurationPlatforms) = preSolution
		Debug|Any CPU = Debug|Any CPU
		Release|Any CPU = Release|Any CPU
	EndGlobalSection
	GlobalSection(ProjectConfigurationPlatforms) = postSolution
		{8E8FB59C-095F-47F4-9B3F-F3344321DB67}.Debug|Any CPU.ActiveCfg = Debug|Any CPU
		{8E8FB59C-095F-47F4-9B3F-F3344321DB67}.Debug|Any CPU.Build.0 = Debug|Any CPU
		{8E8FB59C-095F-47F4-9B3F-F3344321DB67}.Debug|Any CPU.Deploy.0 = Debug|Any CPU
		{8E8FB59C-095F-47F4-9B3F-F3344321DB67}.Release|Any CPU.ActiveCfg = Release|Any CPU
		{8E8FB59C-095F-47F4-9B3F-F3344321DB67}.Release|Any CPU.Build.0 = Release|Any CPU
		{8E8FB59C-095F-47F4-9B3F-F3344321DB67}.Release|Any CPU.Deploy.0 = Release|Any CPU
		{CF9ECA4C-CD6B-4948-BA02-BA21C6D2DB90}.Debug|Any CPU.ActiveCfg = Debug|Any CPU
		{CF9ECA4C-CD6B-4948-BA02-BA21C6D2DB90}.Debug|Any CPU.Build.0 = Debug|Any CPU
		{CF9ECA4C-CD6B-4948-BA02-BA21C6D2DB90}.Debug|Any CPU.Deploy.0 = Debug|Any CPU
		{CF9ECA4C-CD6B-4948-BA02-BA21C6D2DB90}.Release|Any CPU.ActiveCfg = Release|Any CPU
		{CF9ECA4C-CD6B-4948-BA02-BA21C6D2DB90}.Release|Any CPU.Build.0 = Release|Any CPU
		{CF9ECA4C-CD6B-4948-BA02-BA21C6D2DB90}.Release|Any CPU.Deploy.0 = Release|Any CPU
	EndGlobalSection
	GlobalSection(SolutionProperties) = preSolution
		HideSolutionNode = FALSE
	EndGlobalSection
	GlobalSection(ExtensibilityGlobals) = postSolution
		SolutionGuid = {9D8422EF-87F9-4C0B-A2C8-A3725049EA40}
	EndGlobalSection
EndGlobal
